{
  "name": "voidx",
  "lockfileVersion": 3,
  "requires": true,
  "packages": {
    "": {
      "dependencies": {
        "@chikhamx/voidx": "^1.0.1"
      }
    },
    "node_modules/@chikhamx/voidx": {
      "version": "1.0.1",
      "resolved": "https://registry.npmjs.org/@chikhamx/voidx/-/voidx-1.0.1.tgz",
      "integrity": "sha512-MyUf/P1tyE/B5eBDGrK/M3HQzxa8xGNght7vb0NttGYuobi0AjaqVdSQVxy8z8c1EqubpGXiaKvRCRWdjox/2Q==",
      "hasInstallScript": true,
      "bin": {
        "voidx": "bin/voidx.js"
      },
      "engines": {
        "node": ">=16"
      }
    }
  }
}
